
Microsoft Visual Studio Solution File, Format Version 12.00
# Visual Studio Version 17
VisualStudioVersion = 17.9.34723.18
MinimumVisualStudioVersion = 10.0.40219.1
Project("{9A19103F-16F7-4668-BE54-9A1E7A4F7556}") = "Crafting Interpreters", "Crafting Interpreters.csproj", "{C3CEB98F-3A7B-4BBE-A61C-BA2E89E8F276}"
EndProject
Global
	GlobalSection(SolutionConfigurationPlatforms) = preSolution
		Debug|Any CPU = Debug|Any CPU
		Release|Any CPU = Release|Any CPU
	EndGlobalSection
	GlobalSection(ProjectConfigurationPlatforms) = postSolution
		{C3CEB98F-3A7B-4BBE-A61C-BA2E89E8F276}.Debug|Any CPU.ActiveCfg = Debug|Any CPU
		{C3CEB98F-3A7B-4BBE-A61C-BA2E89E8F276}.Debug|Any CPU.Build.0 = Debug|Any CPU
		{C3CEB98F-3A7B-4BBE-A61C-BA2E89E8F276}.Release|Any CPU.ActiveCfg = Release|Any CPU
		{C3CEB98F-3A7B-4BBE-A61C-BA2E89E8F276}.Release|Any CPU.Build.0 = Release|Any CPU
	EndGlobalSection
	GlobalSection(SolutionProperties) = preSolution
		HideSolutionNode = FALSE
	EndGlobalSection
	GlobalSection(ExtensibilityGlobals) = postSolution
		SolutionGuid = {5A19B044-5706-46B4-896C-96F17CDC646D}
	EndGlobalSection
EndGlobal
